
Microsoft Visual Studio Solution File, Format Version 12.00
# Visual Studio Version 17
VisualStudioVersion = 17.5.33424.131
MinimumVisualStudioVersion = 10.0.40219.1
Project("{FAE04EC0-301F-11D3-BF4B-00C04F79EFBC}") = "BaiTapThietKeForm", "Bt_2\BaiTapThietKeForm.csproj", "{887BAC79-5DCD-429A-BC0E-DAF86E72C2A0}"
EndProject
Project("{FAE04EC0-301F-11D3-BF4B-00C04F79EFBC}") = "BaiTapWindowsForm", "BaiTapWindowsForm\BaiTapWindowsForm.csproj", "{8C67CEB9-ABEA-4F7A-8D0A-8D2FC01849EF}"
EndProject
Global
	GlobalSection(SolutionConfigurationPlatforms) = preSolution
		Debug|Any CPU = Debug|Any CPU
		Release|Any CPU = Release|Any CPU
	EndGlobalSection
	GlobalSection(ProjectConfigurationPlatforms) = postSolution
		{887BAC79-5DCD-429A-BC0E-DAF86E72C2A0}.Debug|Any CPU.ActiveCfg = Debug|Any CPU
		{887BAC79-5DCD-429A-BC0E-DAF86E72C2A0}.Debug|Any CPU.Build.0 = Debug|Any CPU
		{887BAC79-5DCD-429A-BC0E-DAF86E72C2A0}.Release|Any CPU.ActiveCfg = Release|Any CPU
		{887BAC79-5DCD-429A-BC0E-DAF86E72C2A0}.Release|Any CPU.Build.0 = Release|Any CPU
		{8C67CEB9-ABEA-4F7A-8D0A-8D2FC01849EF}.Debug|Any CPU.ActiveCfg = Debug|Any CPU
		{8C67CEB9-ABEA-4F7A-8D0A-8D2FC01849EF}.Debug|Any CPU.Build.0 = Debug|Any CPU
		{8C67CEB9-ABEA-4F7A-8D0A-8D2FC01849EF}.Release|Any CPU.ActiveCfg = Release|Any CPU
		{8C67CEB9-ABEA-4F7A-8D0A-8D2FC01849EF}.Release|Any CPU.Build.0 = Release|Any CPU
	EndGlobalSection
	GlobalSection(SolutionProperties) = preSolution
		HideSolutionNode = FALSE
	EndGlobalSection
	GlobalSection(ExtensibilityGlobals) = postSolution
		SolutionGuid = {3AB2D999-FF03-4C28-A362-86ED676903DF}
	EndGlobalSection
EndGlobal
